
Microsoft Visual Studio Solution File, Format Version 12.00
# Visual Studio Version 16
VisualStudioVersion = 16.0.31129.286
MinimumVisualStudioVersion = 10.0.40219.1
Project("{FAE04EC0-301F-11D3-BF4B-00C04F79EFBC}") = "AdventOfCode", "AdventOfCode\AdventOfCode.csproj", "{5D295991-B808-4CF3-9134-35EC1D1B0EAD}"
EndProject
Global
	GlobalSection(SolutionConfigurationPlatforms) = preSolution
		Debug|Any CPU = Debug|Any CPU
		Release|Any CPU = Release|Any CPU
	EndGlobalSection
	GlobalSection(ProjectConfigurationPlatforms) = postSolution
		{5D295991-B808-4CF3-9134-35EC1D1B0EAD}.Debug|Any CPU.ActiveCfg = Debug|Any CPU
		{5D295991-B808-4CF3-9134-35EC1D1B0EAD}.Debug|Any CPU.Build.0 = Debug|Any CPU
		{5D295991-B808-4CF3-9134-35EC1D1B0EAD}.Release|Any CPU.ActiveCfg = Release|Any CPU
		{5D295991-B808-4CF3-9134-35EC1D1B0EAD}.Release|Any CPU.Build.0 = Release|Any CPU
	EndGlobalSection
	GlobalSection(SolutionProperties) = preSolution
		HideSolutionNode = FALSE
	EndGlobalSection
	GlobalSection(ExtensibilityGlobals) = postSolution
		SolutionGuid = {D6786CC6-E83C-4004-A4C1-ABE3D0F7BE68}
	EndGlobalSection
EndGlobal
